
Microsoft Visual Studio Solution File, Format Version 12.00
# Visual Studio 2013
VisualStudioVersion = 12.0.21005.1
MinimumVisualStudioVersion = 10.0.40219.1
Project("{FAE04EC0-301F-11D3-BF4B-00C04F79EFBC}") = "Tmc.Web", "Tmc.Web\Tmc.Web.csproj", "{0F17C88E-674C-428C-89BB-DB947976C1D4}"
EndProject
Project("{FAE04EC0-301F-11D3-BF4B-00C04F79EFBC}") = "Tmc.Core", "Tmc.Core\Tmc.Core.csproj", "{BAB2D2C1-24E5-4776-80AB-6DC74AC9948A}"
EndProject
Project("{FAE04EC0-301F-11D3-BF4B-00C04F79EFBC}") = "Tmc.Data", "Tmc.Data\Tmc.Data.csproj", "{F17A12C8-84E1-47D8-B4A9-DEA224FDCDB9}"
EndProject
Project("{FAE04EC0-301F-11D3-BF4B-00C04F79EFBC}") = "Tmc.BLL.Contract", "Tmc.BLL.Contract\Tmc.BLL.Contract.csproj", "{8FE96B2A-C90B-4864-A820-9DC903180B52}"
EndProject
Project("{FAE04EC0-301F-11D3-BF4B-00C04F79EFBC}") = "Tmc.BLL.Impl", "Tmc.BLL.Impl\Tmc.BLL.Impl.csproj", "{023BD424-AE8E-43A8-BBFB-71B17C61AC13}"
EndProject
Project("{2150E333-8FDC-42A3-9474-1A3956D46DE8}") = "Core", "Core", "{08EEEF77-33EE-41E5-B4BC-C238D7288D06}"
EndProject
Project("{2150E333-8FDC-42A3-9474-1A3956D46DE8}") = "DAL", "DAL", "{3FE25252-B9F4-4023-989B-3E8F254B2C25}"
EndProject
Project("{2150E333-8FDC-42A3-9474-1A3956D46DE8}") = "BLL", "BLL", "{B86BCB46-687B-4D6C-9863-904FED7C05E0}"
EndProject
Project("{2150E333-8FDC-42A3-9474-1A3956D46DE8}") = "GUI", "GUI", "{BEF0463E-018B-46C7-8DBE-9138F9D2392C}"
EndProject
Project("{FAE04EC0-301F-11D3-BF4B-00C04F79EFBC}") = "Tmc.Web.Framework", "Tmc.Web.Framework\Tmc.Web.Framework.csproj", "{69BF7412-C945-41E1-BA05-71E40E1595CB}"
EndProject
Project("{FAE04EC0-301F-11D3-BF4B-00C04F79EFBC}") = "Tmc.Admin", "Tmc.Web\Administration\Tmc.Admin.csproj", "{658B5C1A-6718-4F75-9ED8-CD565520D609}"
EndProject
Global
	GlobalSection(SolutionConfigurationPlatforms) = preSolution
		Debug|Any CPU = Debug|Any CPU
		Release|Any CPU = Release|Any CPU
	EndGlobalSection
	GlobalSection(ProjectConfigurationPlatforms) = postSolution
		{0F17C88E-674C-428C-89BB-DB947976C1D4}.Debug|Any CPU.ActiveCfg = Debug|Any CPU
		{0F17C88E-674C-428C-89BB-DB947976C1D4}.Debug|Any CPU.Build.0 = Debug|Any CPU
		{0F17C88E-674C-428C-89BB-DB947976C1D4}.Release|Any CPU.ActiveCfg = Release|Any CPU
		{0F17C88E-674C-428C-89BB-DB947976C1D4}.Release|Any CPU.Build.0 = Release|Any CPU
		{BAB2D2C1-24E5-4776-80AB-6DC74AC9948A}.Debug|Any CPU.ActiveCfg = Debug|Any CPU
		{BAB2D2C1-24E5-4776-80AB-6DC74AC9948A}.Debug|Any CPU.Build.0 = Debug|Any CPU
		{BAB2D2C1-24E5-4776-80AB-6DC74AC9948A}.Release|Any CPU.ActiveCfg = Release|Any CPU
		{BAB2D2C1-24E5-4776-80AB-6DC74AC9948A}.Release|Any CPU.Build.0 = Release|Any CPU
		{F17A12C8-84E1-47D8-B4A9-DEA224FDCDB9}.Debug|Any CPU.ActiveCfg = Debug|Any CPU
		{F17A12C8-84E1-47D8-B4A9-DEA224FDCDB9}.Debug|Any CPU.Build.0 = Debug|Any CPU
		{F17A12C8-84E1-47D8-B4A9-DEA224FDCDB9}.Release|Any CPU.ActiveCfg = Release|Any CPU
		{F17A12C8-84E1-47D8-B4A9-DEA224FDCDB9}.Release|Any CPU.Build.0 = Release|Any CPU
		{8FE96B2A-C90B-4864-A820-9DC903180B52}.Debug|Any CPU.ActiveCfg = Debug|Any CPU
		{8FE96B2A-C90B-4864-A820-9DC903180B52}.Debug|Any CPU.Build.0 = Debug|Any CPU
		{8FE96B2A-C90B-4864-A820-9DC903180B52}.Release|Any CPU.ActiveCfg = Release|Any CPU
		{8FE96B2A-C90B-4864-A820-9DC903180B52}.Release|Any CPU.Build.0 = Release|Any CPU
		{023BD424-AE8E-43A8-BBFB-71B17C61AC13}.Debug|Any CPU.ActiveCfg = Debug|Any CPU
		{023BD424-AE8E-43A8-BBFB-71B17C61AC13}.Debug|Any CPU.Build.0 = Debug|Any CPU
		{023BD424-AE8E-43A8-BBFB-71B17C61AC13}.Release|Any CPU.ActiveCfg = Release|Any CPU
		{023BD424-AE8E-43A8-BBFB-71B17C61AC13}.Release|Any CPU.Build.0 = Release|Any CPU
		{69BF7412-C945-41E1-BA05-71E40E1595CB}.Debug|Any CPU.ActiveCfg = Debug|Any CPU
		{69BF7412-C945-41E1-BA05-71E40E1595CB}.Debug|Any CPU.Build.0 = Debug|Any CPU
		{69BF7412-C945-41E1-BA05-71E40E1595CB}.Release|Any CPU.ActiveCfg = Release|Any CPU
		{69BF7412-C945-41E1-BA05-71E40E1595CB}.Release|Any CPU.Build.0 = Release|Any CPU
		{658B5C1A-6718-4F75-9ED8-CD565520D609}.Debug|Any CPU.ActiveCfg = Debug|Any CPU
		{658B5C1A-6718-4F75-9ED8-CD565520D609}.Debug|Any CPU.Build.0 = Debug|Any CPU
		{658B5C1A-6718-4F75-9ED8-CD565520D609}.Release|Any CPU.ActiveCfg = Release|Any CPU
		{658B5C1A-6718-4F75-9ED8-CD565520D609}.Release|Any CPU.Build.0 = Release|Any CPU
	EndGlobalSection
	GlobalSection(SolutionProperties) = preSolution
		HideSolutionNode = FALSE
	EndGlobalSection
	GlobalSection(NestedProjects) = preSolution
		{0F17C88E-674C-428C-89BB-DB947976C1D4} = {BEF0463E-018B-46C7-8DBE-9138F9D2392C}
		{69BF7412-C945-41E1-BA05-71E40E1595CB} = {BEF0463E-018B-46C7-8DBE-9138F9D2392C}
		{658B5C1A-6718-4F75-9ED8-CD565520D609} = {BEF0463E-018B-46C7-8DBE-9138F9D2392C}
		{BAB2D2C1-24E5-4776-80AB-6DC74AC9948A} = {08EEEF77-33EE-41E5-B4BC-C238D7288D06}
		{F17A12C8-84E1-47D8-B4A9-DEA224FDCDB9} = {3FE25252-B9F4-4023-989B-3E8F254B2C25}
		{023BD424-AE8E-43A8-BBFB-71B17C61AC13} = {B86BCB46-687B-4D6C-9863-904FED7C05E0}
		{8FE96B2A-C90B-4864-A820-9DC903180B52} = {B86BCB46-687B-4D6C-9863-904FED7C05E0}
	EndGlobalSection
EndGlobal
